// !$*UTF8*$!
{
	archiveVersion = 1;
	classes = {
	};
	objectVersion = 46;
	objects = {

/* Begin PBXBuildFile section */
		DADD4BF11EBC7C8C00E5035E /* AppDelegate.swift in Sources */ = {isa = PBXBuildFile; fileRef = DADD4BF01EBC7C8C00E5035E /* AppDelegate.swift */; };
		DADD4BF31EBC7C8C00E5035E /* ViewController.swift in Sources */ = {isa = PBXBuildFile; fileRef = DADD4BF21EBC7C8C00E5035E /* ViewController.swift */; };
		DADD4BF61EBC7C8C00E5035E /* Main.storyboard in Resources */ = {isa = PBXBuildFile; fileRef = DADD4BF41EBC7C8C00E5035E /* Main.storyboard */; };
		DADD4BF81EBC7C8C00E5035E /* Assets.xcassets in Resources */ = {isa = PBXBuildFile; fileRef = DADD4BF71EBC7C8C00E5035E /* Assets.xcassets */; };
		DADD4BFB1EBC7C8C00E5035E /* LaunchScreen.storyboard in Resources */ = {isa = PBXBuildFile; fileRef = DADD4BF91EBC7C8C00E5035E /* LaunchScreen.storyboard */; };
/* End PBXBuildFile section */

/* Begin PBXFileReference section */
		DADD4BED1EBC7C8C00E5035E /* MiraclePill.app */ = {isa = PBXFileReference; explicitFileType = wrapper.application; includeInIndex = 0; path = MiraclePill.app; sourceTree = BUILT_PRODUCTS_DIR; };
		DADD4BF01EBC7C8C00E5035E /* AppDelegate.swift */ = {isa = PBXFileReference; lastKnownFileType = sourcecode.swift; path = AppDelegate.swift; sourceTree = "<group>"; };
		DADD4BF21EBC7C8C00E5035E /* ViewController.swift */ = {isa = PBXFileReference; lastKnownFileType = sourcecode.swift; path = ViewController.swift; sourceTree = "<group>"; };
		DADD4BF51EBC7C8C00E5035E /* Base */ = {isa = PBXFileReference; lastKnownFileType = file.storyboard; name = Base; path = Base.lproj/Main.storyboard; sourceTree = "<group>"; };
		DADD4BF71EBC7C8C00E5035E /* Assets.xcassets */ = {isa = PBXFileReference; lastKnownFileType = folder.assetcatalog; path = Assets.xcassets; sourceTree = "<group>"; };
		DADD4BFA1EBC7C8C00E5035E /* Base */ = {isa = PBXFileReference; lastKnownFileType = file.storyboard; name = Base; path = Base.lproj/LaunchScreen.storyboard; sourceTree = "<group>"; };
		DADD4BFC1EBC7C8C00E5035E /* Info.plist */ = {isa = PBXFileReference; lastKnownFileType = text.plist.xml; path = Info.plist; sourceTree = "<group>"; };
/* End PBXFileReference section */

/* Begin PBXFrameworksBuildPhase section */
		DADD4BEA1EBC7C8C00E5035E /* Frameworks */ = {
			isa = PBXFrameworksBuildPhase;
			buildActionMask = 2147483647;
			files = (
			);
			runOnlyForDeploymentPostprocessing = 0;
		};
/* End PBXFrameworksBuildPhase section */

/* Begin PBXGroup section */
		DADD4BE41EBC7C8C00E5035E = {
			isa = PBXGroup;
			children = (
				DADD4BEF1EBC7C8C00E5035E /* MiraclePill */,
				DADD4BEE1EBC7C8C00E5035E /* Products */,
			);
			sourceTree = "<group>";
		};
		DADD4BEE1EBC7C8C00E5035E /* Products */ = {
			isa = PBXGroup;
			children = (
				DADD4BED1EBC7C8C00E5035E /* MiraclePill.app */,
			);
			name = Products;
			sourceTree = "<group>";
		};
		DADD4BEF1EBC7C8C00E5035E /* MiraclePill */ = {
			isa = PBXGroup;
			children = (
				DADD4BF01EBC7C8C00E5035E /* AppDelegate.swift */,
				DADD4BF21EBC7C8C00E5035E /* ViewController.swift */,
				DADD4BF41EBC7C8C00E5035E /* Main.storyboard */,
				DADD4BF71EBC7C8C00E5035E /* Assets.xcassets */,
				DADD4BF91EBC7C8C00E5035E /* LaunchScreen.storyboard */,
				DADD4BFC1EBC7C8C00E5035E /* Info.plist */,
			);
			path = MiraclePill;
			sourceTree = "<group>";
		};
/* End PBXGroup section */

/* Begin PBXNativeTarget section */
		DADD4BEC1EBC7C8C00E5035E /* MiraclePill */ = {
			isa = PBXNativeTarget;
			buildConfigurationList = DADD4BFF1EBC7C8C00E5035E /* Build configuration list for PBXNativeTarget "MiraclePill" */;
			buildPhases = (
				DADD4BE91EBC7C8C00E5035E /* Sources */,
				DADD4BEA1EBC7C8C00E5035E /* Frameworks */,
				DADD4BEB1EBC7C8C00E5035E /* Resources */,
			);
			buildRules = (
			);
			dependencies = (
			);
			name = MiraclePill;
			productName = MiraclePill;
			productReference = DADD4BED1EBC7C8C00E5035E /* MiraclePill.app */;
			productType = "com.apple.product-type.application";
		};
/* End PBXNativeTarget section */

/* Begin PBXProject section */
		DADD4BE51EBC7C8C00E5035E /* Project object */ = {
			isa = PBXProject;
			attributes = {
				LastSwiftUpdateCheck = 0830;
				LastUpgradeCheck = 0830;
				ORGANIZATIONNAME = Paul;
				TargetAttributes = {
					DADD4BEC1EBC7C8C00E5035E = {
						CreatedOnToolsVersion = 8.3.2;
						DevelopmentTeam = 82AHEC7EG9;
						ProvisioningStyle = Automatic;
					};
				};
			};
			buildConfigurationList = DADD4BE81EBC7C8C00E5035E /* Build configuration list for PBXProject "MiraclePill" */;
			compatibilityVersion = "Xcode 3.2";
			developmentRegion = English;
			hasScannedForEncodings = 0;
			knownRegions = (
				en,
				Base,
			);
			mainGroup = DADD4BE41EBC7C8C00E5035E;
			productRefGroup = DADD4BEE1EBC7C8C00E5035E /* Products */;
			projectDirPath = "";
			projectRoot = "";
			targets = (
				DADD4BEC1EBC7C8C00E5035E /* MiraclePill */,
			);
		};
/* End PBXProject section */

/* Begin PBXResourcesBuildPhase section */
		DADD4BEB1EBC7C8C00E5035E /* Resources */ = {
			isa = PBXResourcesBuildPhase;
			buildActionMask = 2147483647;
			files = (
				DADD4BFB1EBC7C8C00E5035E /* LaunchScreen.storyboard in Resources */,
				DADD4BF81EBC7C8C00E5035E /* Assets.xcassets in Resources */,
				DADD4BF61EBC7C8C00E5035E /* Main.storyboard in Resources */,
			);
			runOnlyForDeploymentPostprocessing = 0;
		};
/* End PBXResourcesBuildPhase section */

/* Begin PBXSourcesBuildPhase section */
		DADD4BE91EBC7C8C00E5035E /* Sources */ = {
			isa = PBXSourcesBuildPhase;
			buildActionMask = 2147483647;
			files = (
				DADD4BF31EBC7C8C00E5035E /* ViewController.swift in Sources */,
				DADD4BF11EBC7C8C00E5035E /* AppDelegate.swift in Sources */,
			);
			runOnlyForDeploymentPostprocessing = 0;
		};
/* End PBXSourcesBuildPhase section */

/* Begin PBXVariantGroup section */
		DADD4BF41EBC7C8C00E5035E /* Main.storyboard */ = {
			isa = PBXVariantGroup;
			children = (
				DADD4BF51EBC7C8C00E5035E /* Base */,
			);
			name = Main.storyboard;
			sourceTree = "<group>";
		};
		DADD4BF91EBC7C8C00E5035E /* LaunchScreen.storyboard */ = {
			isa = PBXVariantGroup;
			children = (
				DADD4BFA1EBC7C8C00E5035E /* Base */,
			);
			name = LaunchScreen.storyboard;
			sourceTree = "<group>";
		};
/* End PBXVariantGroup section */

/* Begin XCBuildConfiguration section */
		DADD4BFD1EBC7C8C00E5035E /* Debug */ = {
			isa = XCBuildConfiguration;
			buildSettings = {
				ALWAYS_SEARCH_USER_PATHS = NO;
				CLANG_ANALYZER_NONNULL = YES;
				CLANG_ANALYZER_NUMBER_OBJECT_CONVERSION = YES_AGGRESSIVE;
				CLANG_CXX_LANGUAGE_STANDARD = "gnu++0x";
				CLANG_CXX_LIBRARY = "libc++";
				CLANG_ENABLE_MODULES = YES;
				CLANG_ENABLE_OBJC_ARC = YES;
				CLANG_WARN_BOOL_CONVERSION = YES;
				CLANG_WARN_CONSTANT_CONVERSION = YES;
				CLANG_WARN_DIRECT_OBJC_ISA_USAGE = YES_ERROR;
				CLANG_WARN_DOCUMENTATION_COMMENTS = YES;
				CLANG_WARN_EMPTY_BODY = YES;
				CLANG_WARN_ENUM_CONVERSION = YES;
				CLANG_WARN_INFINITE_RECURSION = YES;
				CLANG_WARN_INT_CONVERSION = YES;
				CLANG_WARN_OBJC_ROOT_CLASS = YES_ERROR;
				CLANG_WARN_SUSPICIOUS_MOVE = YES;
				CLANG_WARN_UNREACHABLE_CODE = YES;
				CLANG_WARN__DUPLICATE_METHOD_MATCH = YES;
				"CODE_SIGN_IDENTITY[sdk=iphoneos*]" = "iPhone Developer";
				COPY_PHASE_STRIP = NO;
				DEBUG_INFORMATION_FORMAT = dwarf;
				ENABLE_STRICT_OBJC_MSGSEND = YES;
				ENABLE_TESTABILITY = YES;
				GCC_C_LANGUAGE_STANDARD = gnu99;
				GCC_DYNAMIC_NO_PIC = NO;
				GCC_NO_COMMON_BLOCKS = YES;
				GCC_OPTIMIZATION_LEVEL = 0;
				GCC_PREPROCESSOR_DEFINITIONS = (
					"DEBUG=1",
					"$(inherited)",
				);
				GCC_WARN_64_TO_32_BIT_CONVERSION = YES;
				GCC_WARN_ABOUT_RETURN_TYPE = YES_ERROR;
				GCC_WARN_UNDECLARED_SELECTOR = YES;
				GCC_WARN_UNINITIALIZED_AUTOS = YES_AGGRESSIVE;
				GCC_WARN_UNUSED_FUNCTION = YES;
				GCC_WARN_UNUSED_VARIABLE = YES;
				IPHONEOS_DEPLOYMENT_TARGET = 10.3;
				MTL_ENABLE_DEBUG_INFO = YES;
				ONLY_ACTIVE_ARCH = YES;
				SDKROOT = iphoneos;
				SWIFT_ACTIVE_COMPILATION_CONDITIONS = DEBUG;
				SWIFT_OPTIMIZATION_LEVEL = "-Onone";
				TARGETED_DEVICE_FAMILY = "1,2";
			};
			name = Debug;
		};
		DADD4BFE1EBC7C8C00E5035E /* Release */ = {
			isa = XCBuildConfiguration;
			buildSettings = {
				ALWAYS_SEARCH_USER_PATHS = NO;
				CLANG_ANALYZER_NONNULL = YES;
				CLANG_ANALYZER_NUMBER_OBJECT_CONVERSION = YES_AGGRESSIVE;
				CLANG_CXX_LANGUAGE_STANDARD = "gnu++0x";
				CLANG_CXX_LIBRARY = "libc++";
				CLANG_ENABLE_MODULES = YES;
				CLANG_ENABLE_OBJC_ARC = YES;
				CLANG_WARN_BOOL_CONVERSION = YES;
				CLANG_WARN_CONSTANT_CONVERSION = YES;
				CLANG_WARN_DIRECT_OBJC_ISA_USAGE = YES_ERROR;
				CLANG_WARN_DOCUMENTATION_COMMENTS = YES;
				CLANG_WARN_EMPTY_BODY = YES;
				CLANG_WARN_ENUM_CONVERSION = YES;
				CLANG_WARN_INFINITE_RECURSION = YES;
				CLANG_WARN_INT_CONVERSION = YES;
				CLANG_WARN_OBJC_ROOT_CLASS = YES_ERROR;
				CLANG_WARN_SUSPICIOUS_MOVE = YES;
				CLANG_WARN_UNREACHABLE_CODE = YES;
				CLANG_WARN__DUPLICATE_METHOD_MATCH = YES;
				"CODE_SIGN_IDENTITY[sdk=iphoneos*]" = "iPhone Developer";
				COPY_PHASE_STRIP = NO;
				DEBUG_INFORMATION_FORMAT = "dwarf-with-dsym";
				ENABLE_NS_ASSERTIONS = NO;
				ENABLE_STRICT_OBJC_MSGSEND = YES;
				GCC_C_LANGUAGE_STANDARD = gnu99;
				GCC_NO_COMMON_BLOCKS = YES;
				GCC_WARN_64_TO_32_BIT_CONVERSION = YES;
				GCC_WARN_ABOUT_RETURN_TYPE = YES_ERROR;
				GCC_WARN_UNDECLARED_SELECTOR = YES;
				GCC_WARN_UNINITIALIZED_AUTOS = YES_AGGRESSIVE;
				GCC_WARN_UNUSED_FUNCTION = YES;
				GCC_WARN_UNUSED_VARIABLE = YES;
				IPHONEOS_DEPLOYMENT_TARGET = 10.3;
				MTL_ENABLE_DEBUG_INFO = NO;
				SDKROOT = iphoneos;
				SWIFT_OPTIMIZATION_LEVEL = "-Owholemodule";
				TARGETED_DEVICE_FAMILY = "1,2";
				VALIDATE_PRODUCT = YES;
			};
			name = Release;
		};
		DADD4C001EBC7C8C00E5035E /* Debug */ = {
			isa = XCBuildConfiguration;
			buildSettings = {
				ASSETCATALOG_COMPILER_APPICON_NAME = AppIcon;
				DEVELOPMENT_TEAM = 82AHEC7EG9;
				INFOPLIST_FILE = MiraclePill/Info.plist;
				LD_RUNPATH_SEARCH_PATHS = "$(inherited) @executable_path/Frameworks";
				PRODUCT_BUNDLE_IDENTIFIER = com.Paul.MiraclePill;
				PRODUCT_NAME = "$(TARGET_NAME)";
				SWIFT_VERSION = 3.0;
			};
			name = Debug;
		};
		DADD4C011EBC7C8C00E5035E /* Release */ = {
			isa = XCBuildConfiguration;
			buildSettings = {
				ASSETCATALOG_COMPILER_APPICON_NAME = AppIcon;
				DEVELOPMENT_TEAM = 82AHEC7EG9;
				INFOPLIST_FILE = MiraclePill/Info.plist;
				LD_RUNPATH_SEARCH_PATHS = "$(inherited) @executable_path/Frameworks";
				PRODUCT_BUNDLE_IDENTIFIER = com.Paul.MiraclePill;
				PRODUCT_NAME = "$(TARGET_NAME)";
				SWIFT_VERSION = 3.0;
			};
			name = Release;
		};
/* End XCBuildConfiguration section */

/* Begin XCConfigurationList section */
		DADD4BE81EBC7C8C00E5035E /* Build configuration list for PBXProject "MiraclePill" */ = {
			isa = XCConfigurationList;
			buildConfigurations = (
				DADD4BFD1EBC7C8C00E5035E /* Debug */,
				DADD4BFE1EBC7C8C00E5035E /* Release */,
			);
			defaultConfigurationIsVisible = 0;
			defaultConfigurationName = Release;
		};
		DADD4BFF1EBC7C8C00E5035E /* Build configuration list for PBXNativeTarget "MiraclePill" */ = {
			isa = XCConfigurationList;
			buildConfigurations = (
				DADD4C001EBC7C8C00E5035E /* Debug */,
				DADD4C011EBC7C8C00E5035E /* Release */,
			);
			defaultConfigurationIsVisible = 0;
		};
/* End XCConfigurationList section */
	};
	rootObject = DADD4BE51EBC7C8C00E5035E /* Project object */;
}
